// !$*UTF8*$!
{
	archiveVersion = 1;
	classes = {
	};
	objectVersion = 50;
	objects = {

/* Begin PBXBuildFile section */
		5289843D213E39DB00AD8FFC /* AppDelegate.m in Sources */ = {isa = PBXBuildFile; fileRef = 5289843C213E39DB00AD8FFC /* AppDelegate.m */; };
		52898440213E39DB00AD8FFC /* MasterViewController.m in Sources */ = {isa = PBXBuildFile; fileRef = 5289843F213E39DB00AD8FFC /* MasterViewController.m */; };
		52898443213E39DB00AD8FFC /* DetailViewController.m in Sources */ = {isa = PBXBuildFile; fileRef = 52898442213E39DB00AD8FFC /* DetailViewController.m */; };
		52898446213E39DB00AD8FFC /* Main.storyboard in Resources */ = {isa = PBXBuildFile; fileRef = 52898444213E39DB00AD8FFC /* Main.storyboard */; };
		52898448213E39DC00AD8FFC /* Assets.xcassets in Resources */ = {isa = PBXBuildFile; fileRef = 52898447213E39DC00AD8FFC /* Assets.xcassets */; };
		5289844B213E39DC00AD8FFC /* LaunchScreen.storyboard in Resources */ = {isa = PBXBuildFile; fileRef = 52898449213E39DC00AD8FFC /* LaunchScreen.storyboard */; };
		5289844E213E39DC00AD8FFC /* main.m in Sources */ = {isa = PBXBuildFile; fileRef = 5289844D213E39DC00AD8FFC /* main.m */; };
/* End PBXBuildFile section */

/* Begin PBXFileReference section */
		52898438213E39DB00AD8FFC /* DecorateHouseBudget.app */ = {isa = PBXFileReference; explicitFileType = wrapper.application; includeInIndex = 0; path = DecorateHouseBudget.app; sourceTree = BUILT_PRODUCTS_DIR; };
		5289843B213E39DB00AD8FFC /* AppDelegate.h */ = {isa = PBXFileReference; lastKnownFileType = sourcecode.c.h; path = AppDelegate.h; sourceTree = "<group>"; };
		5289843C213E39DB00AD8FFC /* AppDelegate.m */ = {isa = PBXFileReference; lastKnownFileType = sourcecode.c.objc; path = AppDelegate.m; sourceTree = "<group>"; };
		5289843E213E39DB00AD8FFC /* MasterViewController.h */ = {isa = PBXFileReference; lastKnownFileType = sourcecode.c.h; path = MasterViewController.h; sourceTree = "<group>"; };
		5289843F213E39DB00AD8FFC /* MasterViewController.m */ = {isa = PBXFileReference; lastKnownFileType = sourcecode.c.objc; path = MasterViewController.m; sourceTree = "<group>"; };
		52898441213E39DB00AD8FFC /* DetailViewController.h */ = {isa = PBXFileReference; lastKnownFileType = sourcecode.c.h; path = DetailViewController.h; sourceTree = "<group>"; };
		52898442213E39DB00AD8FFC /* DetailViewController.m */ = {isa = PBXFileReference; lastKnownFileType = sourcecode.c.objc; path = DetailViewController.m; sourceTree = "<group>"; };
		52898445213E39DB00AD8FFC /* Base */ = {isa = PBXFileReference; lastKnownFileType = file.storyboard; name = Base; path = Base.lproj/Main.storyboard; sourceTree = "<group>"; };
		52898447213E39DC00AD8FFC /* Assets.xcassets */ = {isa = PBXFileReference; lastKnownFileType = folder.assetcatalog; path = Assets.xcassets; sourceTree = "<group>"; };
		5289844A213E39DC00AD8FFC /* Base */ = {isa = PBXFileReference; lastKnownFileType = file.storyboard; name = Base; path = Base.lproj/LaunchScreen.storyboard; sourceTree = "<group>"; };
		5289844C213E39DC00AD8FFC /* Info.plist */ = {isa = PBXFileReference; lastKnownFileType = text.plist.xml; path = Info.plist; sourceTree = "<group>"; };
		5289844D213E39DC00AD8FFC /* main.m */ = {isa = PBXFileReference; lastKnownFileType = sourcecode.c.objc; path = main.m; sourceTree = "<group>"; };
/* End PBXFileReference section */

/* Begin PBXFrameworksBuildPhase section */
		52898435213E39DB00AD8FFC /* Frameworks */ = {
			isa = PBXFrameworksBuildPhase;
			buildActionMask = 2147483647;
			files = (
			);
			runOnlyForDeploymentPostprocessing = 0;
		};
/* End PBXFrameworksBuildPhase section */

/* Begin PBXGroup section */
		5289842F213E39DB00AD8FFC = {
			isa = PBXGroup;
			children = (
				5289843A213E39DB00AD8FFC /* DecorateHouseBudget */,
				52898439213E39DB00AD8FFC /* Products */,
			);
			sourceTree = "<group>";
		};
		52898439213E39DB00AD8FFC /* Products */ = {
			isa = PBXGroup;
			children = (
				52898438213E39DB00AD8FFC /* DecorateHouseBudget.app */,
			);
			name = Products;
			sourceTree = "<group>";
		};
		5289843A213E39DB00AD8FFC /* DecorateHouseBudget */ = {
			isa = PBXGroup;
			children = (
				5289843B213E39DB00AD8FFC /* AppDelegate.h */,
				5289843C213E39DB00AD8FFC /* AppDelegate.m */,
				5289843E213E39DB00AD8FFC /* MasterViewController.h */,
				5289843F213E39DB00AD8FFC /* MasterViewController.m */,
				52898441213E39DB00AD8FFC /* DetailViewController.h */,
				52898442213E39DB00AD8FFC /* DetailViewController.m */,
				52898444213E39DB00AD8FFC /* Main.storyboard */,
				52898447213E39DC00AD8FFC /* Assets.xcassets */,
				52898449213E39DC00AD8FFC /* LaunchScreen.storyboard */,
				5289844C213E39DC00AD8FFC /* Info.plist */,
				5289844D213E39DC00AD8FFC /* main.m */,
			);
			path = DecorateHouseBudget;
			sourceTree = "<group>";
		};
/* End PBXGroup section */

/* Begin PBXNativeTarget section */
		52898437213E39DB00AD8FFC /* DecorateHouseBudget */ = {
			isa = PBXNativeTarget;
			buildConfigurationList = 52898451213E39DC00AD8FFC /* Build configuration list for PBXNativeTarget "DecorateHouseBudget" */;
			buildPhases = (
				52898434213E39DB00AD8FFC /* Sources */,
				52898435213E39DB00AD8FFC /* Frameworks */,
				52898436213E39DB00AD8FFC /* Resources */,
			);
			buildRules = (
			);
			dependencies = (
			);
			name = DecorateHouseBudget;
			productName = DecorateHouseBudget;
			productReference = 52898438213E39DB00AD8FFC /* DecorateHouseBudget.app */;
			productType = "com.apple.product-type.application";
		};
/* End PBXNativeTarget section */

/* Begin PBXProject section */
		52898430213E39DB00AD8FFC /* Project object */ = {
			isa = PBXProject;
			attributes = {
				LastUpgradeCheck = 0930;
				ORGANIZATIONNAME = "李辉";
				TargetAttributes = {
					52898437213E39DB00AD8FFC = {
						CreatedOnToolsVersion = 9.3;
					};
				};
			};
			buildConfigurationList = 52898433213E39DB00AD8FFC /* Build configuration list for PBXProject "DecorateHouseBudget" */;
			compatibilityVersion = "Xcode 9.3";
			developmentRegion = en;
			hasScannedForEncodings = 0;
			knownRegions = (
				en,
				Base,
			);
			mainGroup = 5289842F213E39DB00AD8FFC;
			productRefGroup = 52898439213E39DB00AD8FFC /* Products */;
			projectDirPath = "";
			projectRoot = "";
			targets = (
				52898437213E39DB00AD8FFC /* DecorateHouseBudget */,
			);
		};
/* End PBXProject section */

/* Begin PBXResourcesBuildPhase section */
		52898436213E39DB00AD8FFC /* Resources */ = {
			isa = PBXResourcesBuildPhase;
			buildActionMask = 2147483647;
			files = (
				5289844B213E39DC00AD8FFC /* LaunchScreen.storyboard in Resources */,
				52898448213E39DC00AD8FFC /* Assets.xcassets in Resources */,
				52898446213E39DB00AD8FFC /* Main.storyboard in Resources */,
			);
			runOnlyForDeploymentPostprocessing = 0;
		};
/* End PBXResourcesBuildPhase section */

/* Begin PBXSourcesBuildPhase section */
		52898434213E39DB00AD8FFC /* Sources */ = {
			isa = PBXSourcesBuildPhase;
			buildActionMask = 2147483647;
			files = (
				52898440213E39DB00AD8FFC /* MasterViewController.m in Sources */,
				5289843D213E39DB00AD8FFC /* AppDelegate.m in Sources */,
				5289844E213E39DC00AD8FFC /* main.m in Sources */,
				52898443213E39DB00AD8FFC /* DetailViewController.m in Sources */,
			);
			runOnlyForDeploymentPostprocessing = 0;
		};
/* End PBXSourcesBuildPhase section */

/* Begin PBXVariantGroup section */
		52898444213E39DB00AD8FFC /* Main.storyboard */ = {
			isa = PBXVariantGroup;
			children = (
				52898445213E39DB00AD8FFC /* Base */,
			);
			name = Main.storyboard;
			sourceTree = "<group>";
		};
		52898449213E39DC00AD8FFC /* LaunchScreen.storyboard */ = {
			isa = PBXVariantGroup;
			children = (
				5289844A213E39DC00AD8FFC /* Base */,
			);
			name = LaunchScreen.storyboard;
			sourceTree = "<group>";
		};
/* End PBXVariantGroup section */

/* Begin XCBuildConfiguration section */
		5289844F213E39DC00AD8FFC /* Debug */ = {
			isa = XCBuildConfiguration;
			buildSettings = {
				ALWAYS_SEARCH_USER_PATHS = NO;
				CLANG_ANALYZER_NONNULL = YES;
				CLANG_ANALYZER_NUMBER_OBJECT_CONVERSION = YES_AGGRESSIVE;
				CLANG_CXX_LANGUAGE_STANDARD = "gnu++14";
				CLANG_CXX_LIBRARY = "libc++";
				CLANG_ENABLE_MODULES = YES;
				CLANG_ENABLE_OBJC_ARC = YES;
				CLANG_ENABLE_OBJC_WEAK = YES;
				CLANG_WARN_BLOCK_CAPTURE_AUTORELEASING = YES;
				CLANG_WARN_BOOL_CONVERSION = YES;
				CLANG_WARN_COMMA = YES;
				CLANG_WARN_CONSTANT_CONVERSION = YES;
				CLANG_WARN_DEPRECATED_OBJC_IMPLEMENTATIONS = YES;
				CLANG_WARN_DIRECT_OBJC_ISA_USAGE = YES_ERROR;
				CLANG_WARN_DOCUMENTATION_COMMENTS = YES;
				CLANG_WARN_EMPTY_BODY = YES;
				CLANG_WARN_ENUM_CONVERSION = YES;
				CLANG_WARN_INFINITE_RECURSION = YES;
				CLANG_WARN_INT_CONVERSION = YES;
				CLANG_WARN_NON_LITERAL_NULL_CONVERSION = YES;
				CLANG_WARN_OBJC_IMPLICIT_RETAIN_SELF = YES;
				CLANG_WARN_OBJC_LITERAL_CONVERSION = YES;
				CLANG_WARN_OBJC_ROOT_CLASS = YES_ERROR;
				CLANG_WARN_RANGE_LOOP_ANALYSIS = YES;
				CLANG_WARN_STRICT_PROTOTYPES = YES;
				CLANG_WARN_SUSPICIOUS_MOVE = YES;
				CLANG_WARN_UNGUARDED_AVAILABILITY = YES_AGGRESSIVE;
				CLANG_WARN_UNREACHABLE_CODE = YES;
				CLANG_WARN__DUPLICATE_METHOD_MATCH = YES;
				CODE_SIGN_IDENTITY = "iPhone Developer";
				COPY_PHASE_STRIP = NO;
				DEBUG_INFORMATION_FORMAT = dwarf;
				ENABLE_STRICT_OBJC_MSGSEND = YES;
				ENABLE_TESTABILITY = YES;
				GCC_C_LANGUAGE_STANDARD = gnu11;
				GCC_DYNAMIC_NO_PIC = NO;
				GCC_NO_COMMON_BLOCKS = YES;
				GCC_OPTIMIZATION_LEVEL = 0;
				GCC_PREPROCESSOR_DEFINITIONS = (
					"DEBUG=1",
					"$(inherited)",
				);
				GCC_WARN_64_TO_32_BIT_CONVERSION = YES;
				GCC_WARN_ABOUT_RETURN_TYPE = YES_ERROR;
				GCC_WARN_UNDECLARED_SELECTOR = YES;
				GCC_WARN_UNINITIALIZED_AUTOS = YES_AGGRESSIVE;
				GCC_WARN_UNUSED_FUNCTION = YES;
				GCC_WARN_UNUSED_VARIABLE = YES;
				IPHONEOS_DEPLOYMENT_TARGET = 11.3;
				MTL_ENABLE_DEBUG_INFO = YES;
				ONLY_ACTIVE_ARCH = YES;
				SDKROOT = iphoneos;
			};
			name = Debug;
		};
		52898450213E39DC00AD8FFC /* Release */ = {
			isa = XCBuildConfiguration;
			buildSettings = {
				ALWAYS_SEARCH_USER_PATHS = NO;
				CLANG_ANALYZER_NONNULL = YES;
				CLANG_ANALYZER_NUMBER_OBJECT_CONVERSION = YES_AGGRESSIVE;
				CLANG_CXX_LANGUAGE_STANDARD = "gnu++14";
				CLANG_CXX_LIBRARY = "libc++";
				CLANG_ENABLE_MODULES = YES;
				CLANG_ENABLE_OBJC_ARC = YES;
				CLANG_ENABLE_OBJC_WEAK = YES;
				CLANG_WARN_BLOCK_CAPTURE_AUTORELEASING = YES;
				CLANG_WARN_BOOL_CONVERSION = YES;
				CLANG_WARN_COMMA = YES;
				CLANG_WARN_CONSTANT_CONVERSION = YES;
				CLANG_WARN_DEPRECATED_OBJC_IMPLEMENTATIONS = YES;
				CLANG_WARN_DIRECT_OBJC_ISA_USAGE = YES_ERROR;
				CLANG_WARN_DOCUMENTATION_COMMENTS = YES;
				CLANG_WARN_EMPTY_BODY = YES;
				CLANG_WARN_ENUM_CONVERSION = YES;
				CLANG_WARN_INFINITE_RECURSION = YES;
				CLANG_WARN_INT_CONVERSION = YES;
				CLANG_WARN_NON_LITERAL_NULL_CONVERSION = YES;
				CLANG_WARN_OBJC_IMPLICIT_RETAIN_SELF = YES;
				CLANG_WARN_OBJC_LITERAL_CONVERSION = YES;
				CLANG_WARN_OBJC_ROOT_CLASS = YES_ERROR;
				CLANG_WARN_RANGE_LOOP_ANALYSIS = YES;
				CLANG_WARN_STRICT_PROTOTYPES = YES;
				CLANG_WARN_SUSPICIOUS_MOVE = YES;
				CLANG_WARN_UNGUARDED_AVAILABILITY = YES_AGGRESSIVE;
				CLANG_WARN_UNREACHABLE_CODE = YES;
				CLANG_WARN__DUPLICATE_METHOD_MATCH = YES;
				CODE_SIGN_IDENTITY = "iPhone Developer";
				COPY_PHASE_STRIP = NO;
				DEBUG_INFORMATION_FORMAT = "dwarf-with-dsym";
				ENABLE_NS_ASSERTIONS = NO;
				ENABLE_STRICT_OBJC_MSGSEND = YES;
				GCC_C_LANGUAGE_STANDARD = gnu11;
				GCC_NO_COMMON_BLOCKS = YES;
				GCC_WARN_64_TO_32_BIT_CONVERSION = YES;
				GCC_WARN_ABOUT_RETURN_TYPE = YES_ERROR;
				GCC_WARN_UNDECLARED_SELECTOR = YES;
				GCC_WARN_UNINITIALIZED_AUTOS = YES_AGGRESSIVE;
				GCC_WARN_UNUSED_FUNCTION = YES;
				GCC_WARN_UNUSED_VARIABLE = YES;
				IPHONEOS_DEPLOYMENT_TARGET = 11.3;
				MTL_ENABLE_DEBUG_INFO = NO;
				SDKROOT = iphoneos;
				VALIDATE_PRODUCT = YES;
			};
			name = Release;
		};
		52898452213E39DC00AD8FFC /* Debug */ = {
			isa = XCBuildConfiguration;
			buildSettings = {
				ASSETCATALOG_COMPILER_APPICON_NAME = AppIcon;
				CODE_SIGN_STYLE = Automatic;
				DEVELOPMENT_TEAM = 6Z988AT8PK;
				INFOPLIST_FILE = DecorateHouseBudget/Info.plist;
				LD_RUNPATH_SEARCH_PATHS = (
					"$(inherited)",
					"@executable_path/Frameworks",
				);
				PRODUCT_BUNDLE_IDENTIFIER = lihux.DecorateHouseBudget;
				PRODUCT_NAME = "$(TARGET_NAME)";
				TARGETED_DEVICE_FAMILY = "1,2";
			};
			name = Debug;
		};
		52898453213E39DC00AD8FFC /* Release */ = {
			isa = XCBuildConfiguration;
			buildSettings = {
				ASSETCATALOG_COMPILER_APPICON_NAME = AppIcon;
				CODE_SIGN_STYLE = Automatic;
				DEVELOPMENT_TEAM = 6Z988AT8PK;
				INFOPLIST_FILE = DecorateHouseBudget/Info.plist;
				LD_RUNPATH_SEARCH_PATHS = (
					"$(inherited)",
					"@executable_path/Frameworks",
				);
				PRODUCT_BUNDLE_IDENTIFIER = lihux.DecorateHouseBudget;
				PRODUCT_NAME = "$(TARGET_NAME)";
				TARGETED_DEVICE_FAMILY = "1,2";
			};
			name = Release;
		};
/* End XCBuildConfiguration section */

/* Begin XCConfigurationList section */
		52898433213E39DB00AD8FFC /* Build configuration list for PBXProject "DecorateHouseBudget" */ = {
			isa = XCConfigurationList;
			buildConfigurations = (
				5289844F213E39DC00AD8FFC /* Debug */,
				52898450213E39DC00AD8FFC /* Release */,
			);
			defaultConfigurationIsVisible = 0;
			defaultConfigurationName = Release;
		};
		52898451213E39DC00AD8FFC /* Build configuration list for PBXNativeTarget "DecorateHouseBudget" */ = {
			isa = XCConfigurationList;
			buildConfigurations = (
				52898452213E39DC00AD8FFC /* Debug */,
				52898453213E39DC00AD8FFC /* Release */,
			);
			defaultConfigurationIsVisible = 0;
			defaultConfigurationName = Release;
		};
/* End XCConfigurationList section */
	};
	rootObject = 52898430213E39DB00AD8FFC /* Project object */;
}
